<?xml version="1.0" encoding="utf-8"?>
<Project ToolsVersion="4.0" xmlns="http://schemas.microsoft.com/developer/msbuild/2003">
  <ItemGroup>
    <Filter Include="Source Files">
      <UniqueIdentifier>{4FC737F1-C7A5-4376-A066-2A32D752A2FF}</UniqueIdentifier>
      <Extensions>cpp;c;cc;cxx;def;odl;idl;hpj;bat;asm;asmx</Extensions>
    </Filter>
    <Filter Include="Header Files">
      <UniqueIdentifier>{93995380-89BD-4b04-88EB-625FBE52EBFB}</UniqueIdentifier>
      <Extensions>h;hh;hpp;hxx;hm;inl;inc;xsd</Extensions>
    </Filter>
    <Filter Include="Resource Files">
      <UniqueIdentifier>{67DA6AB6-F800-4c08-8B7A-83BB121AAD01}</UniqueIdentifier>
      <Extensions>rc;ico;cur;bmp;dlg;rc2;rct;bin;rgs;gif;jpg;jpeg;jpe;resx;tiff;tif;png;wav;mfcribbon-ms</Extensions>
    </Filter>
  </ItemGroup>
  <ItemGroup>
    <Text Include="ReadMe.txt" />
  </ItemGroup>
  <ItemGroup>
    <ClInclude Include="stdafx.h">
      <Filter>Header Files</Filter>
    </ClInclude>
    <ClInclude Include="targetver.h">
      <Filter>Header Files</Filter>
    </ClInclude>
    <ClInclude Include="Expression.h">
      <Filter>Header Files</Filter>
    </ClInclude>
    <ClInclude Include="BinaryExpression.h">
      <Filter>Header Files</Filter>
    </ClInclude>
    <ClInclude Include="UnaryExpression.h">
      <Filter>Header Files</Filter>
    </ClInclude>
    <ClInclude Include="resource.h">
      <Filter>Header Files</Filter>
    </ClInclude>
    <ClInclude Include="ValueModel.h">
      <Filter>Header Files</Filter>
    </ClInclude>
    <ClInclude Include="And.h">
      <Filter>Header Files</Filter>
    </ClInclude>
    <ClInclude Include="AndMin.h">
      <Filter>Header Files</Filter>
    </ClInclude>
    <ClInclude Include="AndMul.h">
      <Filter>Source Files</Filter>
    </ClInclude>
    <ClInclude Include="Or.h">
      <Filter>Header Files</Filter>
    </ClInclude>
    <ClInclude Include="OrMax.h">
      <Filter>Header Files</Filter>
    </ClInclude>
    <ClInclude Include="OrPlus.h">
      <Filter>Header Files</Filter>
    </ClInclude>
    <ClInclude Include="Then.h">
      <Filter>Header Files</Filter>
    </ClInclude>
    <ClInclude Include="ThenMin.h">
      <Filter>Header Files</Filter>
    </ClInclude>
    <ClInclude Include="ThenMul.h">
      <Filter>Header Files</Filter>
    </ClInclude>
    <ClInclude Include="Agg.h">
      <Filter>Header Files</Filter>
    </ClInclude>
    <ClInclude Include="AggMax.h">
      <Filter>Header Files</Filter>
    </ClInclude>
    <ClInclude Include="AggPlus.h">
      <Filter>Header Files</Filter>
    </ClInclude>
    <ClInclude Include="MamdaniDefuzz.h">
      <Filter>Header Files</Filter>
    </ClInclude>
    <ClInclude Include="CogDefuzz.h">
      <Filter>Header Files</Filter>
    </ClInclude>
    <ClInclude Include="Not.h">
      <Filter>Header Files</Filter>
    </ClInclude>
    <ClInclude Include="NotMinus.h">
      <Filter>Header Files</Filter>
    </ClInclude>
    <ClInclude Include="Is.h">
      <Filter>Header Files</Filter>
    </ClInclude>
    <ClInclude Include="IsTriangle.h">
      <Filter>Header Files</Filter>
    </ClInclude>
    <ClInclude Include="BinaryExpressionModel.h">
      <Filter>Header Files</Filter>
    </ClInclude>
    <ClInclude Include="UnaryExpressionModel.h">
      <Filter>Header Files</Filter>
    </ClInclude>
    <ClInclude Include="ExpressionFactory.h">
      <Filter>Header Files</Filter>
    </ClInclude>
    <ClInclude Include="FuzzyFactory.h">
      <Filter>Header Files</Filter>
    </ClInclude>
    <ClInclude Include="UnaryShadowExpression.h">
      <Filter>Header Files</Filter>
    </ClInclude>
    <ClInclude Include="BinaryShadowExpression.h">
      <Filter>Header Files</Filter>
    </ClInclude>
  </ItemGroup>
  <ItemGroup>
    <ClCompile Include="stdafx.cpp">
      <Filter>Source Files</Filter>
    </ClCompile>
    <ClCompile Include="ProjetCPLUSPLUS.cpp">
      <Filter>Source Files</Filter>
    </ClCompile>
    <ClCompile Include="Expression.cpp">
      <Filter>Source Files</Filter>
    </ClCompile>
    <ClCompile Include="BinaryExpression.cpp">
      <Filter>Source Files</Filter>
    </ClCompile>
    <ClCompile Include="UnaryExpression.cpp">
      <Filter>Source Files</Filter>
    </ClCompile>
    <ClCompile Include="ValueModel.cpp">
      <Filter>Source Files</Filter>
    </ClCompile>
  </ItemGroup>
  <ItemGroup>
    <ResourceCompile Include="ProjetCPLUSPLUS.rc">
      <Filter>Resource Files</Filter>
    </ResourceCompile>
  </ItemGroup>
</Project>